
Microsoft Visual Studio Solution File, Format Version 12.00
# Visual Studio Version 16
VisualStudioVersion = 16.0.31005.135
MinimumVisualStudioVersion = 10.0.40219.1
Project("{9A19103F-16F7-4668-BE54-9A1E7A4F7556}") = "LikarKrapkaComAPI", "LikarKrapkaCom\LikarKrapkaComAPI.csproj", "{E77C2FB5-9C50-4A67-B51C-DE7D796B3DF8}"
EndProject
Project("{9A19103F-16F7-4668-BE54-9A1E7A4F7556}") = "LikarKrapkaComUI", "LikarKrapkaComUI\LikarKrapkaComUI.csproj", "{7C7A4253-89E5-4D78-B79C-29F90404929C}"
EndProject
Project("{9A19103F-16F7-4668-BE54-9A1E7A4F7556}") = "LikarKrapkaComEntities", "LikarKrapkaComEntities\LikarKrapkaComEntities.csproj", "{83A18BD2-EDF5-412E-8F76-B1A884874C57}"
EndProject
Global
	GlobalSection(SolutionConfigurationPlatforms) = preSolution
		Debug|Any CPU = Debug|Any CPU
		Release|Any CPU = Release|Any CPU
	EndGlobalSection
	GlobalSection(ProjectConfigurationPlatforms) = postSolution
		{E77C2FB5-9C50-4A67-B51C-DE7D796B3DF8}.Debug|Any CPU.ActiveCfg = Debug|Any CPU
		{E77C2FB5-9C50-4A67-B51C-DE7D796B3DF8}.Debug|Any CPU.Build.0 = Debug|Any CPU
		{E77C2FB5-9C50-4A67-B51C-DE7D796B3DF8}.Release|Any CPU.ActiveCfg = Release|Any CPU
		{E77C2FB5-9C50-4A67-B51C-DE7D796B3DF8}.Release|Any CPU.Build.0 = Release|Any CPU
		{7C7A4253-89E5-4D78-B79C-29F90404929C}.Debug|Any CPU.ActiveCfg = Debug|Any CPU
		{7C7A4253-89E5-4D78-B79C-29F90404929C}.Debug|Any CPU.Build.0 = Debug|Any CPU
		{7C7A4253-89E5-4D78-B79C-29F90404929C}.Release|Any CPU.ActiveCfg = Release|Any CPU
		{7C7A4253-89E5-4D78-B79C-29F90404929C}.Release|Any CPU.Build.0 = Release|Any CPU
		{83A18BD2-EDF5-412E-8F76-B1A884874C57}.Debug|Any CPU.ActiveCfg = Debug|Any CPU
		{83A18BD2-EDF5-412E-8F76-B1A884874C57}.Debug|Any CPU.Build.0 = Debug|Any CPU
		{83A18BD2-EDF5-412E-8F76-B1A884874C57}.Release|Any CPU.ActiveCfg = Release|Any CPU
		{83A18BD2-EDF5-412E-8F76-B1A884874C57}.Release|Any CPU.Build.0 = Release|Any CPU
	EndGlobalSection
	GlobalSection(SolutionProperties) = preSolution
		HideSolutionNode = FALSE
	EndGlobalSection
	GlobalSection(ExtensibilityGlobals) = postSolution
		SolutionGuid = {377F58EA-D823-4201-923D-C88D4BBD2098}
	EndGlobalSection
EndGlobal
